
Microsoft Visual Studio Solution File, Format Version 12.00
# Visual Studio Version 17
VisualStudioVersion = 17.14.36616.10
MinimumVisualStudioVersion = 10.0.40219.1
Project("{FAE04EC0-301F-11D3-BF4B-00C04F79EFBC}") = "Automation.Web", "Automation.Web\Automation.Web.csproj", "{91F47A86-5F9C-4884-8BBF-E1E33D003008}"
EndProject
Project("{FAE04EC0-301F-11D3-BF4B-00C04F79EFBC}") = "Automation.Infrastructure", "Automation.Infrastructure\Automation.Infrastructure.csproj", "{DC784B61-31C9-43CA-A6AF-1BA6303BCA70}"
EndProject
Project("{FAE04EC0-301F-11D3-BF4B-00C04F79EFBC}") = "Automation.Core", "Automation.Core\Automation.Core.csproj", "{B6A523B5-7676-4F33-A9F5-4FF75269A43D}"
EndProject
Project("{FAE04EC0-301F-11D3-BF4B-00C04F79EFBC}") = "Automation.Module.FormBuilder", "Automation.Module.FormBuilder\Automation.Module.FormBuilder.csproj", "{A1B2C3D4-1111-4E5F-8A9B-0C1D2E3F4A5B}"
EndProject
Project("{FAE04EC0-301F-11D3-BF4B-00C04F79EFBC}") = "Automation.Module.Workflow", "Automation.Module.Workflow\Automation.Module.Workflow.csproj", "{B2C3D4E5-2222-4E5F-8A9B-0C1D2E3F4A5B}"
EndProject
Project("{FAE04EC0-301F-11D3-BF4B-00C04F79EFBC}") = "Automation.Module.Secretariat", "Automation.Module.Secretariat\Automation.Module.Secretariat.csproj", "{C3D4E5F6-3333-4E5F-8A9B-0C1D2E3F4A5B}"
EndProject
Project("{FAE04EC0-301F-11D3-BF4B-00C04F79EFBC}") = "Automation.Web.Host", "Automation.Web.Host\Automation.Web.Host.csproj", "{D4E5F6A7-4444-4E5F-8A9B-0C1D2E3F4A5B}"
EndProject
Project("{2150E333-8FDC-42A3-9474-1A3956D46DE8}") = "Solution Items", "Solution Items", "{8EC462FD-D22E-90A8-E5CE-7E832BA40C5D}"
	ProjectSection(SolutionItems) = preProject
		Graph1.dgml = Graph1.dgml
	EndProjectSection
EndProject
Global
	GlobalSection(SolutionConfigurationPlatforms) = preSolution
		Debug|Any CPU = Debug|Any CPU
		Release|Any CPU = Release|Any CPU
	EndGlobalSection
	GlobalSection(ProjectConfigurationPlatforms) = postSolution
		{91F47A86-5F9C-4884-8BBF-E1E33D003008}.Debug|Any CPU.ActiveCfg = Debug|Any CPU
		{91F47A86-5F9C-4884-8BBF-E1E33D003008}.Debug|Any CPU.Build.0 = Debug|Any CPU
		{91F47A86-5F9C-4884-8BBF-E1E33D003008}.Release|Any CPU.ActiveCfg = Release|Any CPU
		{91F47A86-5F9C-4884-8BBF-E1E33D003008}.Release|Any CPU.Build.0 = Release|Any CPU
		{DC784B61-31C9-43CA-A6AF-1BA6303BCA70}.Debug|Any CPU.ActiveCfg = Debug|Any CPU
		{DC784B61-31C9-43CA-A6AF-1BA6303BCA70}.Debug|Any CPU.Build.0 = Debug|Any CPU
		{DC784B61-31C9-43CA-A6AF-1BA6303BCA70}.Release|Any CPU.ActiveCfg = Release|Any CPU
		{DC784B61-31C9-43CA-A6AF-1BA6303BCA70}.Release|Any CPU.Build.0 = Release|Any CPU
		{B6A523B5-7676-4F33-A9F5-4FF75269A43D}.Debug|Any CPU.ActiveCfg = Debug|Any CPU
		{B6A523B5-7676-4F33-A9F5-4FF75269A43D}.Debug|Any CPU.Build.0 = Debug|Any CPU
		{B6A523B5-7676-4F33-A9F5-4FF75269A43D}.Release|Any CPU.ActiveCfg = Release|Any CPU
		{B6A523B5-7676-4F33-A9F5-4FF75269A43D}.Release|Any CPU.Build.0 = Release|Any CPU
		{A1B2C3D4-1111-4E5F-8A9B-0C1D2E3F4A5B}.Debug|Any CPU.ActiveCfg = Debug|Any CPU
		{A1B2C3D4-1111-4E5F-8A9B-0C1D2E3F4A5B}.Debug|Any CPU.Build.0 = Debug|Any CPU
		{A1B2C3D4-1111-4E5F-8A9B-0C1D2E3F4A5B}.Release|Any CPU.ActiveCfg = Release|Any CPU
		{A1B2C3D4-1111-4E5F-8A9B-0C1D2E3F4A5B}.Release|Any CPU.Build.0 = Release|Any CPU
		{B2C3D4E5-2222-4E5F-8A9B-0C1D2E3F4A5B}.Debug|Any CPU.ActiveCfg = Debug|Any CPU
		{B2C3D4E5-2222-4E5F-8A9B-0C1D2E3F4A5B}.Debug|Any CPU.Build.0 = Debug|Any CPU
		{B2C3D4E5-2222-4E5F-8A9B-0C1D2E3F4A5B}.Release|Any CPU.ActiveCfg = Release|Any CPU
		{B2C3D4E5-2222-4E5F-8A9B-0C1D2E3F4A5B}.Release|Any CPU.Build.0 = Release|Any CPU
		{C3D4E5F6-3333-4E5F-8A9B-0C1D2E3F4A5B}.Debug|Any CPU.ActiveCfg = Debug|Any CPU
		{C3D4E5F6-3333-4E5F-8A9B-0C1D2E3F4A5B}.Debug|Any CPU.Build.0 = Debug|Any CPU
		{C3D4E5F6-3333-4E5F-8A9B-0C1D2E3F4A5B}.Release|Any CPU.ActiveCfg = Release|Any CPU
		{C3D4E5F6-3333-4E5F-8A9B-0C1D2E3F4A5B}.Release|Any CPU.Build.0 = Release|Any CPU
		{D4E5F6A7-4444-4E5F-8A9B-0C1D2E3F4A5B}.Debug|Any CPU.ActiveCfg = Debug|Any CPU
		{D4E5F6A7-4444-4E5F-8A9B-0C1D2E3F4A5B}.Debug|Any CPU.Build.0 = Debug|Any CPU
		{D4E5F6A7-4444-4E5F-8A9B-0C1D2E3F4A5B}.Release|Any CPU.ActiveCfg = Release|Any CPU
		{D4E5F6A7-4444-4E5F-8A9B-0C1D2E3F4A5B}.Release|Any CPU.Build.0 = Release|Any CPU
	EndGlobalSection
	GlobalSection(SolutionProperties) = preSolution
		HideSolutionNode = FALSE
	EndGlobalSection
	GlobalSection(ExtensibilityGlobals) = postSolution
		SolutionGuid = {F997C613-8C96-44B2-874E-C2512C5126F5}
	EndGlobalSection
EndGlobal
